
Microsoft Visual Studio Solution File, Format Version 12.00
# Visual Studio Version 17
VisualStudioVersion = 17.8.34511.84
MinimumVisualStudioVersion = 10.0.40219.1
Project("{FAE04EC0-301F-11D3-BF4B-00C04F79EFBC}") = "TestML", "TestML\TestML.csproj", "{559F925A-02DA-4700-AA4F-17FDF5325CE0}"
EndProject
Global
	GlobalSection(SolutionConfigurationPlatforms) = preSolution
		Debug|Any CPU = Debug|Any CPU
		Release|Any CPU = Release|Any CPU
	EndGlobalSection
	GlobalSection(ProjectConfigurationPlatforms) = postSolution
		{559F925A-02DA-4700-AA4F-17FDF5325CE0}.Debug|Any CPU.ActiveCfg = Debug|Any CPU
		{559F925A-02DA-4700-AA4F-17FDF5325CE0}.Debug|Any CPU.Build.0 = Debug|Any CPU
		{559F925A-02DA-4700-AA4F-17FDF5325CE0}.Release|Any CPU.ActiveCfg = Release|Any CPU
		{559F925A-02DA-4700-AA4F-17FDF5325CE0}.Release|Any CPU.Build.0 = Release|Any CPU
	EndGlobalSection
	GlobalSection(SolutionProperties) = preSolution
		HideSolutionNode = FALSE
	EndGlobalSection
	GlobalSection(ExtensibilityGlobals) = postSolution
		SolutionGuid = {6B06C1BA-5363-49BC-86A4-D54A816D63DA}
	EndGlobalSection
EndGlobal
